// !$*UTF8*$!
{
	archiveVersion = 1;
	classes = {
	};
	objectVersion = 56;
	objects = {

/* Begin PBXBuildFile section */
		A368B9622AA8B98200B15214 /* Recipe_App_V2App.swift in Sources */ = {isa = PBXBuildFile; fileRef = A368B9612AA8B98200B15214 /* Recipe_App_V2App.swift */; };
		A368B9642AA8B98200B15214 /* ContentView.swift in Sources */ = {isa = PBXBuildFile; fileRef = A368B9632AA8B98200B15214 /* ContentView.swift */; };
		A368B9662AA8B98800B15214 /* Assets.xcassets in Resources */ = {isa = PBXBuildFile; fileRef = A368B9652AA8B98800B15214 /* Assets.xcassets */; };
		A368B9692AA8B98800B15214 /* Preview Assets.xcassets in Resources */ = {isa = PBXBuildFile; fileRef = A368B9682AA8B98800B15214 /* Preview Assets.xcassets */; };
		A368B9752AA8B9C400B15214 /* RecipeTabView.swift in Sources */ = {isa = PBXBuildFile; fileRef = A368B9742AA8B9C400B15214 /* RecipeTabView.swift */; };
		A368B9772AA8B9CE00B15214 /* RecipeFeaturedView.swift in Sources */ = {isa = PBXBuildFile; fileRef = A368B9762AA8B9CE00B15214 /* RecipeFeaturedView.swift */; };
		A368B9792AA8B9D800B15214 /* RecipeListView.swift in Sources */ = {isa = PBXBuildFile; fileRef = A368B9782AA8B9D800B15214 /* RecipeListView.swift */; };
		A368B97B2AA8B9E500B15214 /* RecipeDetailView.swift in Sources */ = {isa = PBXBuildFile; fileRef = A368B97A2AA8B9E500B15214 /* RecipeDetailView.swift */; };
		A368B97D2AA8B9EE00B15214 /* RecipeHighlights.swift in Sources */ = {isa = PBXBuildFile; fileRef = A368B97C2AA8B9EE00B15214 /* RecipeHighlights.swift */; };
		A368B97F2AA8BA4300B15214 /* RecipeModel.swift in Sources */ = {isa = PBXBuildFile; fileRef = A368B97E2AA8BA4300B15214 /* RecipeModel.swift */; };
		A368B9812AA8BA5A00B15214 /* Recipe.swift in Sources */ = {isa = PBXBuildFile; fileRef = A368B9802AA8BA5A00B15214 /* Recipe.swift */; };
		A368B9832AA8BA6F00B15214 /* DataService.swift in Sources */ = {isa = PBXBuildFile; fileRef = A368B9822AA8BA6F00B15214 /* DataService.swift */; };
		A368B9852AA8BA8400B15214 /* Data.json in Resources */ = {isa = PBXBuildFile; fileRef = A368B9842AA8BA8400B15214 /* Data.json */; };
		A368B9882AA8BABC00B15214 /* Utilities.swift in Sources */ = {isa = PBXBuildFile; fileRef = A368B9872AA8BABC00B15214 /* Utilities.swift */; };
/* End PBXBuildFile section */

/* Begin PBXFileReference section */
		A368B95E2AA8B98200B15214 /* Recipe_App_V2.app */ = {isa = PBXFileReference; explicitFileType = wrapper.application; includeInIndex = 0; path = Recipe_App_V2.app; sourceTree = BUILT_PRODUCTS_DIR; };
		A368B9612AA8B98200B15214 /* Recipe_App_V2App.swift */ = {isa = PBXFileReference; lastKnownFileType = sourcecode.swift; path = Recipe_App_V2App.swift; sourceTree = "<group>"; };
		A368B9632AA8B98200B15214 /* ContentView.swift */ = {isa = PBXFileReference; lastKnownFileType = sourcecode.swift; path = ContentView.swift; sourceTree = "<group>"; };
		A368B9652AA8B98800B15214 /* Assets.xcassets */ = {isa = PBXFileReference; lastKnownFileType = folder.assetcatalog; path = Assets.xcassets; sourceTree = "<group>"; };
		A368B9682AA8B98800B15214 /* Preview Assets.xcassets */ = {isa = PBXFileReference; lastKnownFileType = folder.assetcatalog; path = "Preview Assets.xcassets"; sourceTree = "<group>"; };
		A368B9742AA8B9C400B15214 /* RecipeTabView.swift */ = {isa = PBXFileReference; lastKnownFileType = sourcecode.swift; path = RecipeTabView.swift; sourceTree = "<group>"; };
		A368B9762AA8B9CE00B15214 /* RecipeFeaturedView.swift */ = {isa = PBXFileReference; lastKnownFileType = sourcecode.swift; path = RecipeFeaturedView.swift; sourceTree = "<group>"; };
		A368B9782AA8B9D800B15214 /* RecipeListView.swift */ = {isa = PBXFileReference; lastKnownFileType = sourcecode.swift; path = RecipeListView.swift; sourceTree = "<group>"; };
		A368B97A2AA8B9E500B15214 /* RecipeDetailView.swift */ = {isa = PBXFileReference; lastKnownFileType = sourcecode.swift; path = RecipeDetailView.swift; sourceTree = "<group>"; };
		A368B97C2AA8B9EE00B15214 /* RecipeHighlights.swift */ = {isa = PBXFileReference; lastKnownFileType = sourcecode.swift; path = RecipeHighlights.swift; sourceTree = "<group>"; };
		A368B97E2AA8BA4300B15214 /* RecipeModel.swift */ = {isa = PBXFileReference; lastKnownFileType = sourcecode.swift; path = RecipeModel.swift; sourceTree = "<group>"; };
		A368B9802AA8BA5A00B15214 /* Recipe.swift */ = {isa = PBXFileReference; lastKnownFileType = sourcecode.swift; path = Recipe.swift; sourceTree = "<group>"; };
		A368B9822AA8BA6F00B15214 /* DataService.swift */ = {isa = PBXFileReference; lastKnownFileType = sourcecode.swift; path = DataService.swift; sourceTree = "<group>"; };
		A368B9842AA8BA8400B15214 /* Data.json */ = {isa = PBXFileReference; lastKnownFileType = text.json; path = Data.json; sourceTree = "<group>"; };
		A368B9872AA8BABC00B15214 /* Utilities.swift */ = {isa = PBXFileReference; lastKnownFileType = sourcecode.swift; path = Utilities.swift; sourceTree = "<group>"; };
/* End PBXFileReference section */

/* Begin PBXFrameworksBuildPhase section */
		A368B95B2AA8B98200B15214 /* Frameworks */ = {
			isa = PBXFrameworksBuildPhase;
			buildActionMask = 2147483647;
			files = (
			);
			runOnlyForDeploymentPostprocessing = 0;
		};
/* End PBXFrameworksBuildPhase section */

/* Begin PBXGroup section */
		A368B9552AA8B98200B15214 = {
			isa = PBXGroup;
			children = (
				A368B9602AA8B98200B15214 /* Recipe_App_V2 */,
				A368B95F2AA8B98200B15214 /* Products */,
			);
			sourceTree = "<group>";
		};
		A368B95F2AA8B98200B15214 /* Products */ = {
			isa = PBXGroup;
			children = (
				A368B95E2AA8B98200B15214 /* Recipe_App_V2.app */,
			);
			name = Products;
			sourceTree = "<group>";
		};
		A368B9602AA8B98200B15214 /* Recipe_App_V2 */ = {
			isa = PBXGroup;
			children = (
				A368B9862AA8BAB200B15214 /* Utilities */,
				A368B9732AA8B9AC00B15214 /* Data */,
				A368B9722AA8B9A700B15214 /* Services */,
				A368B9712AA8B9A200B15214 /* Models */,
				A368B9702AA8B99C00B15214 /* ViewModels */,
				A368B96F2AA8B99800B15214 /* Views */,
				A368B9612AA8B98200B15214 /* Recipe_App_V2App.swift */,
				A368B9632AA8B98200B15214 /* ContentView.swift */,
				A368B9652AA8B98800B15214 /* Assets.xcassets */,
				A368B9672AA8B98800B15214 /* Preview Content */,
			);
			path = Recipe_App_V2;
			sourceTree = "<group>";
		};
		A368B9672AA8B98800B15214 /* Preview Content */ = {
			isa = PBXGroup;
			children = (
				A368B9682AA8B98800B15214 /* Preview Assets.xcassets */,
			);
			path = "Preview Content";
			sourceTree = "<group>";
		};
		A368B96F2AA8B99800B15214 /* Views */ = {
			isa = PBXGroup;
			children = (
				A368B9742AA8B9C400B15214 /* RecipeTabView.swift */,
				A368B9762AA8B9CE00B15214 /* RecipeFeaturedView.swift */,
				A368B9782AA8B9D800B15214 /* RecipeListView.swift */,
				A368B97A2AA8B9E500B15214 /* RecipeDetailView.swift */,
				A368B97C2AA8B9EE00B15214 /* RecipeHighlights.swift */,
			);
			path = Views;
			sourceTree = "<group>";
		};
		A368B9702AA8B99C00B15214 /* ViewModels */ = {
			isa = PBXGroup;
			children = (
				A368B97E2AA8BA4300B15214 /* RecipeModel.swift */,
			);
			path = ViewModels;
			sourceTree = "<group>";
		};
		A368B9712AA8B9A200B15214 /* Models */ = {
			isa = PBXGroup;
			children = (
				A368B9802AA8BA5A00B15214 /* Recipe.swift */,
			);
			path = Models;
			sourceTree = "<group>";
		};
		A368B9722AA8B9A700B15214 /* Services */ = {
			isa = PBXGroup;
			children = (
				A368B9822AA8BA6F00B15214 /* DataService.swift */,
			);
			path = Services;
			sourceTree = "<group>";
		};
		A368B9732AA8B9AC00B15214 /* Data */ = {
			isa = PBXGroup;
			children = (
				A368B9842AA8BA8400B15214 /* Data.json */,
			);
			path = Data;
			sourceTree = "<group>";
		};
		A368B9862AA8BAB200B15214 /* Utilities */ = {
			isa = PBXGroup;
			children = (
				A368B9872AA8BABC00B15214 /* Utilities.swift */,
			);
			path = Utilities;
			sourceTree = "<group>";
		};
/* End PBXGroup section */

/* Begin PBXNativeTarget section */
		A368B95D2AA8B98200B15214 /* Recipe_App_V2 */ = {
			isa = PBXNativeTarget;
			buildConfigurationList = A368B96C2AA8B98800B15214 /* Build configuration list for PBXNativeTarget "Recipe_App_V2" */;
			buildPhases = (
				A368B95A2AA8B98200B15214 /* Sources */,
				A368B95B2AA8B98200B15214 /* Frameworks */,
				A368B95C2AA8B98200B15214 /* Resources */,
			);
			buildRules = (
			);
			dependencies = (
			);
			name = Recipe_App_V2;
			productName = Recipe_App_V2;
			productReference = A368B95E2AA8B98200B15214 /* Recipe_App_V2.app */;
			productType = "com.apple.product-type.application";
		};
/* End PBXNativeTarget section */

/* Begin PBXProject section */
		A368B9562AA8B98200B15214 /* Project object */ = {
			isa = PBXProject;
			attributes = {
				BuildIndependentTargetsInParallel = 1;
				LastSwiftUpdateCheck = 1430;
				LastUpgradeCheck = 1430;
				TargetAttributes = {
					A368B95D2AA8B98200B15214 = {
						CreatedOnToolsVersion = 14.3.1;
					};
				};
			};
			buildConfigurationList = A368B9592AA8B98200B15214 /* Build configuration list for PBXProject "Recipe_App_V2" */;
			compatibilityVersion = "Xcode 14.0";
			developmentRegion = en;
			hasScannedForEncodings = 0;
			knownRegions = (
				en,
				Base,
			);
			mainGroup = A368B9552AA8B98200B15214;
			productRefGroup = A368B95F2AA8B98200B15214 /* Products */;
			projectDirPath = "";
			projectRoot = "";
			targets = (
				A368B95D2AA8B98200B15214 /* Recipe_App_V2 */,
			);
		};
/* End PBXProject section */

/* Begin PBXResourcesBuildPhase section */
		A368B95C2AA8B98200B15214 /* Resources */ = {
			isa = PBXResourcesBuildPhase;
			buildActionMask = 2147483647;
			files = (
				A368B9692AA8B98800B15214 /* Preview Assets.xcassets in Resources */,
				A368B9662AA8B98800B15214 /* Assets.xcassets in Resources */,
				A368B9852AA8BA8400B15214 /* Data.json in Resources */,
			);
			runOnlyForDeploymentPostprocessing = 0;
		};
/* End PBXResourcesBuildPhase section */

/* Begin PBXSourcesBuildPhase section */
		A368B95A2AA8B98200B15214 /* Sources */ = {
			isa = PBXSourcesBuildPhase;
			buildActionMask = 2147483647;
			files = (
				A368B97D2AA8B9EE00B15214 /* RecipeHighlights.swift in Sources */,
				A368B9642AA8B98200B15214 /* ContentView.swift in Sources */,
				A368B9882AA8BABC00B15214 /* Utilities.swift in Sources */,
				A368B97B2AA8B9E500B15214 /* RecipeDetailView.swift in Sources */,
				A368B9622AA8B98200B15214 /* Recipe_App_V2App.swift in Sources */,
				A368B9792AA8B9D800B15214 /* RecipeListView.swift in Sources */,
				A368B97F2AA8BA4300B15214 /* RecipeModel.swift in Sources */,
				A368B9812AA8BA5A00B15214 /* Recipe.swift in Sources */,
				A368B9772AA8B9CE00B15214 /* RecipeFeaturedView.swift in Sources */,
				A368B9752AA8B9C400B15214 /* RecipeTabView.swift in Sources */,
				A368B9832AA8BA6F00B15214 /* DataService.swift in Sources */,
			);
			runOnlyForDeploymentPostprocessing = 0;
		};
/* End PBXSourcesBuildPhase section */

/* Begin XCBuildConfiguration section */
		A368B96A2AA8B98800B15214 /* Debug */ = {
			isa = XCBuildConfiguration;
			buildSettings = {
				ALWAYS_SEARCH_USER_PATHS = NO;
				CLANG_ANALYZER_NONNULL = YES;
				CLANG_ANALYZER_NUMBER_OBJECT_CONVERSION = YES_AGGRESSIVE;
				CLANG_CXX_LANGUAGE_STANDARD = "gnu++20";
				CLANG_ENABLE_MODULES = YES;
				CLANG_ENABLE_OBJC_ARC = YES;
				CLANG_ENABLE_OBJC_WEAK = YES;
				CLANG_WARN_BLOCK_CAPTURE_AUTORELEASING = YES;
				CLANG_WARN_BOOL_CONVERSION = YES;
				CLANG_WARN_COMMA = YES;
				CLANG_WARN_CONSTANT_CONVERSION = YES;
				CLANG_WARN_DEPRECATED_OBJC_IMPLEMENTATIONS = YES;
				CLANG_WARN_DIRECT_OBJC_ISA_USAGE = YES_ERROR;
				CLANG_WARN_DOCUMENTATION_COMMENTS = YES;
				CLANG_WARN_EMPTY_BODY = YES;
				CLANG_WARN_ENUM_CONVERSION = YES;
				CLANG_WARN_INFINITE_RECURSION = YES;
				CLANG_WARN_INT_CONVERSION = YES;
				CLANG_WARN_NON_LITERAL_NULL_CONVERSION = YES;
				CLANG_WARN_OBJC_IMPLICIT_RETAIN_SELF = YES;
				CLANG_WARN_OBJC_LITERAL_CONVERSION = YES;
				CLANG_WARN_OBJC_ROOT_CLASS = YES_ERROR;
				CLANG_WARN_QUOTED_INCLUDE_IN_FRAMEWORK_HEADER = YES;
				CLANG_WARN_RANGE_LOOP_ANALYSIS = YES;
				CLANG_WARN_STRICT_PROTOTYPES = YES;
				CLANG_WARN_SUSPICIOUS_MOVE = YES;
				CLANG_WARN_UNGUARDED_AVAILABILITY = YES_AGGRESSIVE;
				CLANG_WARN_UNREACHABLE_CODE = YES;
				CLANG_WARN__DUPLICATE_METHOD_MATCH = YES;
				COPY_PHASE_STRIP = NO;
				DEBUG_INFORMATION_FORMAT = dwarf;
				ENABLE_STRICT_OBJC_MSGSEND = YES;
				ENABLE_TESTABILITY = YES;
				GCC_C_LANGUAGE_STANDARD = gnu11;
				GCC_DYNAMIC_NO_PIC = NO;
				GCC_NO_COMMON_BLOCKS = YES;
				GCC_OPTIMIZATION_LEVEL = 0;
				GCC_PREPROCESSOR_DEFINITIONS = (
					"DEBUG=1",
					"$(inherited)",
				);
				GCC_WARN_64_TO_32_BIT_CONVERSION = YES;
				GCC_WARN_ABOUT_RETURN_TYPE = YES_ERROR;
				GCC_WARN_UNDECLARED_SELECTOR = YES;
				GCC_WARN_UNINITIALIZED_AUTOS = YES_AGGRESSIVE;
				GCC_WARN_UNUSED_FUNCTION = YES;
				GCC_WARN_UNUSED_VARIABLE = YES;
				IPHONEOS_DEPLOYMENT_TARGET = 16.4;
				MTL_ENABLE_DEBUG_INFO = INCLUDE_SOURCE;
				MTL_FAST_MATH = YES;
				ONLY_ACTIVE_ARCH = YES;
				SDKROOT = iphoneos;
				SWIFT_ACTIVE_COMPILATION_CONDITIONS = DEBUG;
				SWIFT_OPTIMIZATION_LEVEL = "-Onone";
			};
			name = Debug;
		};
		A368B96B2AA8B98800B15214 /* Release */ = {
			isa = XCBuildConfiguration;
			buildSettings = {
				ALWAYS_SEARCH_USER_PATHS = NO;
				CLANG_ANALYZER_NONNULL = YES;
				CLANG_ANALYZER_NUMBER_OBJECT_CONVERSION = YES_AGGRESSIVE;
				CLANG_CXX_LANGUAGE_STANDARD = "gnu++20";
				CLANG_ENABLE_MODULES = YES;
				CLANG_ENABLE_OBJC_ARC = YES;
				CLANG_ENABLE_OBJC_WEAK = YES;
				CLANG_WARN_BLOCK_CAPTURE_AUTORELEASING = YES;
				CLANG_WARN_BOOL_CONVERSION = YES;
				CLANG_WARN_COMMA = YES;
				CLANG_WARN_CONSTANT_CONVERSION = YES;
				CLANG_WARN_DEPRECATED_OBJC_IMPLEMENTATIONS = YES;
				CLANG_WARN_DIRECT_OBJC_ISA_USAGE = YES_ERROR;
				CLANG_WARN_DOCUMENTATION_COMMENTS = YES;
				CLANG_WARN_EMPTY_BODY = YES;
				CLANG_WARN_ENUM_CONVERSION = YES;
				CLANG_WARN_INFINITE_RECURSION = YES;
				CLANG_WARN_INT_CONVERSION = YES;
				CLANG_WARN_NON_LITERAL_NULL_CONVERSION = YES;
				CLANG_WARN_OBJC_IMPLICIT_RETAIN_SELF = YES;
				CLANG_WARN_OBJC_LITERAL_CONVERSION = YES;
				CLANG_WARN_OBJC_ROOT_CLASS = YES_ERROR;
				CLANG_WARN_QUOTED_INCLUDE_IN_FRAMEWORK_HEADER = YES;
				CLANG_WARN_RANGE_LOOP_ANALYSIS = YES;
				CLANG_WARN_STRICT_PROTOTYPES = YES;
				CLANG_WARN_SUSPICIOUS_MOVE = YES;
				CLANG_WARN_UNGUARDED_AVAILABILITY = YES_AGGRESSIVE;
				CLANG_WARN_UNREACHABLE_CODE = YES;
				CLANG_WARN__DUPLICATE_METHOD_MATCH = YES;
				COPY_PHASE_STRIP = NO;
				DEBUG_INFORMATION_FORMAT = "dwarf-with-dsym";
				ENABLE_NS_ASSERTIONS = NO;
				ENABLE_STRICT_OBJC_MSGSEND = YES;
				GCC_C_LANGUAGE_STANDARD = gnu11;
				GCC_NO_COMMON_BLOCKS = YES;
				GCC_WARN_64_TO_32_BIT_CONVERSION = YES;
				GCC_WARN_ABOUT_RETURN_TYPE = YES_ERROR;
				GCC_WARN_UNDECLARED_SELECTOR = YES;
				GCC_WARN_UNINITIALIZED_AUTOS = YES_AGGRESSIVE;
				GCC_WARN_UNUSED_FUNCTION = YES;
				GCC_WARN_UNUSED_VARIABLE = YES;
				IPHONEOS_DEPLOYMENT_TARGET = 16.4;
				MTL_ENABLE_DEBUG_INFO = NO;
				MTL_FAST_MATH = YES;
				SDKROOT = iphoneos;
				SWIFT_COMPILATION_MODE = wholemodule;
				SWIFT_OPTIMIZATION_LEVEL = "-O";
				VALIDATE_PRODUCT = YES;
			};
			name = Release;
		};
		A368B96D2AA8B98800B15214 /* Debug */ = {
			isa = XCBuildConfiguration;
			buildSettings = {
				ASSETCATALOG_COMPILER_APPICON_NAME = AppIcon;
				ASSETCATALOG_COMPILER_GLOBAL_ACCENT_COLOR_NAME = AccentColor;
				CODE_SIGN_STYLE = Automatic;
				CURRENT_PROJECT_VERSION = 1;
				DEVELOPMENT_ASSET_PATHS = "\"Recipe_App_V2/Preview Content\"";
				DEVELOPMENT_TEAM = 33KG33NLFD;
				ENABLE_PREVIEWS = YES;
				GENERATE_INFOPLIST_FILE = YES;
				INFOPLIST_KEY_UIApplicationSceneManifest_Generation = YES;
				INFOPLIST_KEY_UIApplicationSupportsIndirectInputEvents = YES;
				INFOPLIST_KEY_UILaunchScreen_Generation = YES;
				INFOPLIST_KEY_UISupportedInterfaceOrientations_iPad = "UIInterfaceOrientationPortrait UIInterfaceOrientationPortraitUpsideDown UIInterfaceOrientationLandscapeLeft UIInterfaceOrientationLandscapeRight";
				INFOPLIST_KEY_UISupportedInterfaceOrientations_iPhone = "UIInterfaceOrientationPortrait UIInterfaceOrientationLandscapeLeft UIInterfaceOrientationLandscapeRight";
				LD_RUNPATH_SEARCH_PATHS = (
					"$(inherited)",
					"@executable_path/Frameworks",
				);
				MARKETING_VERSION = 1.0;
				PRODUCT_BUNDLE_IDENTIFIER = "com.tayamirai.Recipe-App-V2";
				PRODUCT_NAME = "$(TARGET_NAME)";
				SWIFT_EMIT_LOC_STRINGS = YES;
				SWIFT_VERSION = 5.0;
				TARGETED_DEVICE_FAMILY = "1,2";
			};
			name = Debug;
		};
		A368B96E2AA8B98800B15214 /* Release */ = {
			isa = XCBuildConfiguration;
			buildSettings = {
				ASSETCATALOG_COMPILER_APPICON_NAME = AppIcon;
				ASSETCATALOG_COMPILER_GLOBAL_ACCENT_COLOR_NAME = AccentColor;
				CODE_SIGN_STYLE = Automatic;
				CURRENT_PROJECT_VERSION = 1;
				DEVELOPMENT_ASSET_PATHS = "\"Recipe_App_V2/Preview Content\"";
				DEVELOPMENT_TEAM = 33KG33NLFD;
				ENABLE_PREVIEWS = YES;
				GENERATE_INFOPLIST_FILE = YES;
				INFOPLIST_KEY_UIApplicationSceneManifest_Generation = YES;
				INFOPLIST_KEY_UIApplicationSupportsIndirectInputEvents = YES;
				INFOPLIST_KEY_UILaunchScreen_Generation = YES;
				INFOPLIST_KEY_UISupportedInterfaceOrientations_iPad = "UIInterfaceOrientationPortrait UIInterfaceOrientationPortraitUpsideDown UIInterfaceOrientationLandscapeLeft UIInterfaceOrientationLandscapeRight";
				INFOPLIST_KEY_UISupportedInterfaceOrientations_iPhone = "UIInterfaceOrientationPortrait UIInterfaceOrientationLandscapeLeft UIInterfaceOrientationLandscapeRight";
				LD_RUNPATH_SEARCH_PATHS = (
					"$(inherited)",
					"@executable_path/Frameworks",
				);
				MARKETING_VERSION = 1.0;
				PRODUCT_BUNDLE_IDENTIFIER = "com.tayamirai.Recipe-App-V2";
				PRODUCT_NAME = "$(TARGET_NAME)";
				SWIFT_EMIT_LOC_STRINGS = YES;
				SWIFT_VERSION = 5.0;
				TARGETED_DEVICE_FAMILY = "1,2";
			};
			name = Release;
		};
/* End XCBuildConfiguration section */

/* Begin XCConfigurationList section */
		A368B9592AA8B98200B15214 /* Build configuration list for PBXProject "Recipe_App_V2" */ = {
			isa = XCConfigurationList;
			buildConfigurations = (
				A368B96A2AA8B98800B15214 /* Debug */,
				A368B96B2AA8B98800B15214 /* Release */,
			);
			defaultConfigurationIsVisible = 0;
			defaultConfigurationName = Release;
		};
		A368B96C2AA8B98800B15214 /* Build configuration list for PBXNativeTarget "Recipe_App_V2" */ = {
			isa = XCConfigurationList;
			buildConfigurations = (
				A368B96D2AA8B98800B15214 /* Debug */,
				A368B96E2AA8B98800B15214 /* Release */,
			);
			defaultConfigurationIsVisible = 0;
			defaultConfigurationName = Release;
		};
/* End XCConfigurationList section */
	};
	rootObject = A368B9562AA8B98200B15214 /* Project object */;
}
